// !$*UTF8*$!
{
	archiveVersion = 1;
	classes = {
	};
	objectVersion = 56;
	objects = {

/* Begin PBXBuildFile section */
		046878E629DF1775003CB807 /* AppDelegate.swift in Sources */ = {isa = PBXBuildFile; fileRef = 046878E529DF1775003CB807 /* AppDelegate.swift */; };
		046878E829DF1775003CB807 /* SceneDelegate.swift in Sources */ = {isa = PBXBuildFile; fileRef = 046878E729DF1775003CB807 /* SceneDelegate.swift */; };
		046878EF29DF1777003CB807 /* Assets.xcassets in Resources */ = {isa = PBXBuildFile; fileRef = 046878EE29DF1777003CB807 /* Assets.xcassets */; };
		046878F229DF1777003CB807 /* LaunchScreen.storyboard in Resources */ = {isa = PBXBuildFile; fileRef = 046878F029DF1777003CB807 /* LaunchScreen.storyboard */; };
		046878FD29DF1777003CB807 /* EczaneProjeeTests.swift in Sources */ = {isa = PBXBuildFile; fileRef = 046878FC29DF1777003CB807 /* EczaneProjeeTests.swift */; };
		0468790729DF1777003CB807 /* EczaneProjeeUITests.swift in Sources */ = {isa = PBXBuildFile; fileRef = 0468790629DF1777003CB807 /* EczaneProjeeUITests.swift */; };
		0468790929DF1777003CB807 /* EczaneProjeeUITestsLaunchTests.swift in Sources */ = {isa = PBXBuildFile; fileRef = 0468790829DF1777003CB807 /* EczaneProjeeUITestsLaunchTests.swift */; };
		F03AD4F729E8282B008BBFBB /* HomeController.swift in Sources */ = {isa = PBXBuildFile; fileRef = F03AD4F629E8282B008BBFBB /* HomeController.swift */; };
		F03AD4F929E829D6008BBFBB /* HomeView.swift in Sources */ = {isa = PBXBuildFile; fileRef = F03AD4F829E829D6008BBFBB /* HomeView.swift */; };
		F03AD4FC29E842F5008BBFBB /* UIViewController+HideKeyboard.swift in Sources */ = {isa = PBXBuildFile; fileRef = F03AD4FB29E842F5008BBFBB /* UIViewController+HideKeyboard.swift */; };
/* End PBXBuildFile section */

/* Begin PBXContainerItemProxy section */
		046878F929DF1777003CB807 /* PBXContainerItemProxy */ = {
			isa = PBXContainerItemProxy;
			containerPortal = 046878DA29DF1775003CB807 /* Project object */;
			proxyType = 1;
			remoteGlobalIDString = 046878E129DF1775003CB807;
			remoteInfo = EczaneProjee;
		};
		0468790329DF1777003CB807 /* PBXContainerItemProxy */ = {
			isa = PBXContainerItemProxy;
			containerPortal = 046878DA29DF1775003CB807 /* Project object */;
			proxyType = 1;
			remoteGlobalIDString = 046878E129DF1775003CB807;
			remoteInfo = EczaneProjee;
		};
/* End PBXContainerItemProxy section */

/* Begin PBXFileReference section */
		046878E229DF1775003CB807 /* EczaneProjee.app */ = {isa = PBXFileReference; explicitFileType = wrapper.application; includeInIndex = 0; path = EczaneProjee.app; sourceTree = BUILT_PRODUCTS_DIR; };
		046878E529DF1775003CB807 /* AppDelegate.swift */ = {isa = PBXFileReference; lastKnownFileType = sourcecode.swift; path = AppDelegate.swift; sourceTree = "<group>"; };
		046878E729DF1775003CB807 /* SceneDelegate.swift */ = {isa = PBXFileReference; lastKnownFileType = sourcecode.swift; path = SceneDelegate.swift; sourceTree = "<group>"; };
		046878EE29DF1777003CB807 /* Assets.xcassets */ = {isa = PBXFileReference; lastKnownFileType = folder.assetcatalog; path = Assets.xcassets; sourceTree = "<group>"; };
		046878F129DF1777003CB807 /* Base */ = {isa = PBXFileReference; lastKnownFileType = file.storyboard; name = Base; path = Base.lproj/LaunchScreen.storyboard; sourceTree = "<group>"; };
		046878F329DF1777003CB807 /* Info.plist */ = {isa = PBXFileReference; lastKnownFileType = text.plist.xml; path = Info.plist; sourceTree = "<group>"; };
		046878F829DF1777003CB807 /* EczaneProjeeTests.xctest */ = {isa = PBXFileReference; explicitFileType = wrapper.cfbundle; includeInIndex = 0; path = EczaneProjeeTests.xctest; sourceTree = BUILT_PRODUCTS_DIR; };
		046878FC29DF1777003CB807 /* EczaneProjeeTests.swift */ = {isa = PBXFileReference; lastKnownFileType = sourcecode.swift; path = EczaneProjeeTests.swift; sourceTree = "<group>"; };
		0468790229DF1777003CB807 /* EczaneProjeeUITests.xctest */ = {isa = PBXFileReference; explicitFileType = wrapper.cfbundle; includeInIndex = 0; path = EczaneProjeeUITests.xctest; sourceTree = BUILT_PRODUCTS_DIR; };
		0468790629DF1777003CB807 /* EczaneProjeeUITests.swift */ = {isa = PBXFileReference; lastKnownFileType = sourcecode.swift; path = EczaneProjeeUITests.swift; sourceTree = "<group>"; };
		0468790829DF1777003CB807 /* EczaneProjeeUITestsLaunchTests.swift */ = {isa = PBXFileReference; lastKnownFileType = sourcecode.swift; path = EczaneProjeeUITestsLaunchTests.swift; sourceTree = "<group>"; };
		F03AD4F629E8282B008BBFBB /* HomeController.swift */ = {isa = PBXFileReference; lastKnownFileType = sourcecode.swift; path = HomeController.swift; sourceTree = "<group>"; };
		F03AD4F829E829D6008BBFBB /* HomeView.swift */ = {isa = PBXFileReference; lastKnownFileType = sourcecode.swift; path = HomeView.swift; sourceTree = "<group>"; };
		F03AD4FB29E842F5008BBFBB /* UIViewController+HideKeyboard.swift */ = {isa = PBXFileReference; lastKnownFileType = sourcecode.swift; path = "UIViewController+HideKeyboard.swift"; sourceTree = "<group>"; };
/* End PBXFileReference section */

/* Begin PBXFrameworksBuildPhase section */
		046878DF29DF1775003CB807 /* Frameworks */ = {
			isa = PBXFrameworksBuildPhase;
			buildActionMask = 2147483647;
			files = (
			);
			runOnlyForDeploymentPostprocessing = 0;
		};
		046878F529DF1777003CB807 /* Frameworks */ = {
			isa = PBXFrameworksBuildPhase;
			buildActionMask = 2147483647;
			files = (
			);
			runOnlyForDeploymentPostprocessing = 0;
		};
		046878FF29DF1777003CB807 /* Frameworks */ = {
			isa = PBXFrameworksBuildPhase;
			buildActionMask = 2147483647;
			files = (
			);
			runOnlyForDeploymentPostprocessing = 0;
		};
/* End PBXFrameworksBuildPhase section */

/* Begin PBXGroup section */
		046878D929DF1775003CB807 = {
			isa = PBXGroup;
			children = (
				046878E429DF1775003CB807 /* EczaneProjee */,
				046878FB29DF1777003CB807 /* EczaneProjeeTests */,
				0468790529DF1777003CB807 /* EczaneProjeeUITests */,
				046878E329DF1775003CB807 /* Products */,
			);
			sourceTree = "<group>";
		};
		046878E329DF1775003CB807 /* Products */ = {
			isa = PBXGroup;
			children = (
				046878E229DF1775003CB807 /* EczaneProjee.app */,
				046878F829DF1777003CB807 /* EczaneProjeeTests.xctest */,
				0468790229DF1777003CB807 /* EczaneProjeeUITests.xctest */,
			);
			name = Products;
			sourceTree = "<group>";
		};
		046878E429DF1775003CB807 /* EczaneProjee */ = {
			isa = PBXGroup;
			children = (
				F03AD4EF29E82764008BBFBB /* Base */,
				F03AD4FA29E842DE008BBFBB /* Extensions */,
				F03AD4F129E82791008BBFBB /* Scenes */,
				F03AD4F329E827A5008BBFBB /* Resources */,
				F03AD4F429E827CB008BBFBB /* Support */,
			);
			path = EczaneProjee;
			sourceTree = "<group>";
		};
		046878FB29DF1777003CB807 /* EczaneProjeeTests */ = {
			isa = PBXGroup;
			children = (
				046878FC29DF1777003CB807 /* EczaneProjeeTests.swift */,
			);
			path = EczaneProjeeTests;
			sourceTree = "<group>";
		};
		0468790529DF1777003CB807 /* EczaneProjeeUITests */ = {
			isa = PBXGroup;
			children = (
				0468790629DF1777003CB807 /* EczaneProjeeUITests.swift */,
				0468790829DF1777003CB807 /* EczaneProjeeUITestsLaunchTests.swift */,
			);
			path = EczaneProjeeUITests;
			sourceTree = "<group>";
		};
		F03AD4EF29E82764008BBFBB /* Base */ = {
			isa = PBXGroup;
			children = (
				046878E529DF1775003CB807 /* AppDelegate.swift */,
				046878E729DF1775003CB807 /* SceneDelegate.swift */,
			);
			path = Base;
			sourceTree = "<group>";
		};
		F03AD4F129E82791008BBFBB /* Scenes */ = {
			isa = PBXGroup;
			children = (
				F03AD4F229E82795008BBFBB /* Home */,
			);
			path = Scenes;
			sourceTree = "<group>";
		};
		F03AD4F229E82795008BBFBB /* Home */ = {
			isa = PBXGroup;
			children = (
				F03AD4F529E82818008BBFBB /* View */,
			);
			path = Home;
			sourceTree = "<group>";
		};
		F03AD4F329E827A5008BBFBB /* Resources */ = {
			isa = PBXGroup;
			children = (
				046878F029DF1777003CB807 /* LaunchScreen.storyboard */,
				046878EE29DF1777003CB807 /* Assets.xcassets */,
			);
			path = Resources;
			sourceTree = "<group>";
		};
		F03AD4F429E827CB008BBFBB /* Support */ = {
			isa = PBXGroup;
			children = (
				046878F329DF1777003CB807 /* Info.plist */,
			);
			path = Support;
			sourceTree = "<group>";
		};
		F03AD4F529E82818008BBFBB /* View */ = {
			isa = PBXGroup;
			children = (
				F03AD4F629E8282B008BBFBB /* HomeController.swift */,
				F03AD4F829E829D6008BBFBB /* HomeView.swift */,
			);
			path = View;
			sourceTree = "<group>";
		};
		F03AD4FA29E842DE008BBFBB /* Extensions */ = {
			isa = PBXGroup;
			children = (
				F03AD4FB29E842F5008BBFBB /* UIViewController+HideKeyboard.swift */,
			);
			path = Extensions;
			sourceTree = "<group>";
		};
/* End PBXGroup section */

/* Begin PBXNativeTarget section */
		046878E129DF1775003CB807 /* EczaneProjee */ = {
			isa = PBXNativeTarget;
			buildConfigurationList = 0468790C29DF1777003CB807 /* Build configuration list for PBXNativeTarget "EczaneProjee" */;
			buildPhases = (
				046878DE29DF1775003CB807 /* Sources */,
				046878DF29DF1775003CB807 /* Frameworks */,
				046878E029DF1775003CB807 /* Resources */,
			);
			buildRules = (
			);
			dependencies = (
			);
			name = EczaneProjee;
			productName = EczaneProjee;
			productReference = 046878E229DF1775003CB807 /* EczaneProjee.app */;
			productType = "com.apple.product-type.application";
		};
		046878F729DF1777003CB807 /* EczaneProjeeTests */ = {
			isa = PBXNativeTarget;
			buildConfigurationList = 0468790F29DF1777003CB807 /* Build configuration list for PBXNativeTarget "EczaneProjeeTests" */;
			buildPhases = (
				046878F429DF1777003CB807 /* Sources */,
				046878F529DF1777003CB807 /* Frameworks */,
				046878F629DF1777003CB807 /* Resources */,
			);
			buildRules = (
			);
			dependencies = (
				046878FA29DF1777003CB807 /* PBXTargetDependency */,
			);
			name = EczaneProjeeTests;
			productName = EczaneProjeeTests;
			productReference = 046878F829DF1777003CB807 /* EczaneProjeeTests.xctest */;
			productType = "com.apple.product-type.bundle.unit-test";
		};
		0468790129DF1777003CB807 /* EczaneProjeeUITests */ = {
			isa = PBXNativeTarget;
			buildConfigurationList = 0468791229DF1777003CB807 /* Build configuration list for PBXNativeTarget "EczaneProjeeUITests" */;
			buildPhases = (
				046878FE29DF1777003CB807 /* Sources */,
				046878FF29DF1777003CB807 /* Frameworks */,
				0468790029DF1777003CB807 /* Resources */,
			);
			buildRules = (
			);
			dependencies = (
				0468790429DF1777003CB807 /* PBXTargetDependency */,
			);
			name = EczaneProjeeUITests;
			productName = EczaneProjeeUITests;
			productReference = 0468790229DF1777003CB807 /* EczaneProjeeUITests.xctest */;
			productType = "com.apple.product-type.bundle.ui-testing";
		};
/* End PBXNativeTarget section */

/* Begin PBXProject section */
		046878DA29DF1775003CB807 /* Project object */ = {
			isa = PBXProject;
			attributes = {
				BuildIndependentTargetsInParallel = 1;
				LastSwiftUpdateCheck = 1420;
				LastUpgradeCheck = 1420;
				TargetAttributes = {
					046878E129DF1775003CB807 = {
						CreatedOnToolsVersion = 14.2;
					};
					046878F729DF1777003CB807 = {
						CreatedOnToolsVersion = 14.2;
						TestTargetID = 046878E129DF1775003CB807;
					};
					0468790129DF1777003CB807 = {
						CreatedOnToolsVersion = 14.2;
						TestTargetID = 046878E129DF1775003CB807;
					};
				};
			};
			buildConfigurationList = 046878DD29DF1775003CB807 /* Build configuration list for PBXProject "EczaneProjee" */;
			compatibilityVersion = "Xcode 14.0";
			developmentRegion = en;
			hasScannedForEncodings = 0;
			knownRegions = (
				en,
				Base,
			);
			mainGroup = 046878D929DF1775003CB807;
			productRefGroup = 046878E329DF1775003CB807 /* Products */;
			projectDirPath = "";
			projectRoot = "";
			targets = (
				046878E129DF1775003CB807 /* EczaneProjee */,
				046878F729DF1777003CB807 /* EczaneProjeeTests */,
				0468790129DF1777003CB807 /* EczaneProjeeUITests */,
			);
		};
/* End PBXProject section */

/* Begin PBXResourcesBuildPhase section */
		046878E029DF1775003CB807 /* Resources */ = {
			isa = PBXResourcesBuildPhase;
			buildActionMask = 2147483647;
			files = (
				046878F229DF1777003CB807 /* LaunchScreen.storyboard in Resources */,
				046878EF29DF1777003CB807 /* Assets.xcassets in Resources */,
			);
			runOnlyForDeploymentPostprocessing = 0;
		};
		046878F629DF1777003CB807 /* Resources */ = {
			isa = PBXResourcesBuildPhase;
			buildActionMask = 2147483647;
			files = (
			);
			runOnlyForDeploymentPostprocessing = 0;
		};
		0468790029DF1777003CB807 /* Resources */ = {
			isa = PBXResourcesBuildPhase;
			buildActionMask = 2147483647;
			files = (
			);
			runOnlyForDeploymentPostprocessing = 0;
		};
/* End PBXResourcesBuildPhase section */

/* Begin PBXSourcesBuildPhase section */
		046878DE29DF1775003CB807 /* Sources */ = {
			isa = PBXSourcesBuildPhase;
			buildActionMask = 2147483647;
			files = (
				046878E629DF1775003CB807 /* AppDelegate.swift in Sources */,
				F03AD4F929E829D6008BBFBB /* HomeView.swift in Sources */,
				046878E829DF1775003CB807 /* SceneDelegate.swift in Sources */,
				F03AD4F729E8282B008BBFBB /* HomeController.swift in Sources */,
				F03AD4FC29E842F5008BBFBB /* UIViewController+HideKeyboard.swift in Sources */,
			);
			runOnlyForDeploymentPostprocessing = 0;
		};
		046878F429DF1777003CB807 /* Sources */ = {
			isa = PBXSourcesBuildPhase;
			buildActionMask = 2147483647;
			files = (
				046878FD29DF1777003CB807 /* EczaneProjeeTests.swift in Sources */,
			);
			runOnlyForDeploymentPostprocessing = 0;
		};
		046878FE29DF1777003CB807 /* Sources */ = {
			isa = PBXSourcesBuildPhase;
			buildActionMask = 2147483647;
			files = (
				0468790729DF1777003CB807 /* EczaneProjeeUITests.swift in Sources */,
				0468790929DF1777003CB807 /* EczaneProjeeUITestsLaunchTests.swift in Sources */,
			);
			runOnlyForDeploymentPostprocessing = 0;
		};
/* End PBXSourcesBuildPhase section */

/* Begin PBXTargetDependency section */
		046878FA29DF1777003CB807 /* PBXTargetDependency */ = {
			isa = PBXTargetDependency;
			target = 046878E129DF1775003CB807 /* EczaneProjee */;
			targetProxy = 046878F929DF1777003CB807 /* PBXContainerItemProxy */;
		};
		0468790429DF1777003CB807 /* PBXTargetDependency */ = {
			isa = PBXTargetDependency;
			target = 046878E129DF1775003CB807 /* EczaneProjee */;
			targetProxy = 0468790329DF1777003CB807 /* PBXContainerItemProxy */;
		};
/* End PBXTargetDependency section */

/* Begin PBXVariantGroup section */
		046878F029DF1777003CB807 /* LaunchScreen.storyboard */ = {
			isa = PBXVariantGroup;
			children = (
				046878F129DF1777003CB807 /* Base */,
			);
			name = LaunchScreen.storyboard;
			sourceTree = "<group>";
		};
/* End PBXVariantGroup section */

/* Begin XCBuildConfiguration section */
		0468790A29DF1777003CB807 /* Debug */ = {
			isa = XCBuildConfiguration;
			buildSettings = {
				ALWAYS_SEARCH_USER_PATHS = NO;
				CLANG_ANALYZER_NONNULL = YES;
				CLANG_ANALYZER_NUMBER_OBJECT_CONVERSION = YES_AGGRESSIVE;
				CLANG_CXX_LANGUAGE_STANDARD = "gnu++20";
				CLANG_ENABLE_MODULES = YES;
				CLANG_ENABLE_OBJC_ARC = YES;
				CLANG_ENABLE_OBJC_WEAK = YES;
				CLANG_WARN_BLOCK_CAPTURE_AUTORELEASING = YES;
				CLANG_WARN_BOOL_CONVERSION = YES;
				CLANG_WARN_COMMA = YES;
				CLANG_WARN_CONSTANT_CONVERSION = YES;
				CLANG_WARN_DEPRECATED_OBJC_IMPLEMENTATIONS = YES;
				CLANG_WARN_DIRECT_OBJC_ISA_USAGE = YES_ERROR;
				CLANG_WARN_DOCUMENTATION_COMMENTS = YES;
				CLANG_WARN_EMPTY_BODY = YES;
				CLANG_WARN_ENUM_CONVERSION = YES;
				CLANG_WARN_INFINITE_RECURSION = YES;
				CLANG_WARN_INT_CONVERSION = YES;
				CLANG_WARN_NON_LITERAL_NULL_CONVERSION = YES;
				CLANG_WARN_OBJC_IMPLICIT_RETAIN_SELF = YES;
				CLANG_WARN_OBJC_LITERAL_CONVERSION = YES;
				CLANG_WARN_OBJC_ROOT_CLASS = YES_ERROR;
				CLANG_WARN_QUOTED_INCLUDE_IN_FRAMEWORK_HEADER = YES;
				CLANG_WARN_RANGE_LOOP_ANALYSIS = YES;
				CLANG_WARN_STRICT_PROTOTYPES = YES;
				CLANG_WARN_SUSPICIOUS_MOVE = YES;
				CLANG_WARN_UNGUARDED_AVAILABILITY = YES_AGGRESSIVE;
				CLANG_WARN_UNREACHABLE_CODE = YES;
				CLANG_WARN__DUPLICATE_METHOD_MATCH = YES;
				COPY_PHASE_STRIP = NO;
				DEBUG_INFORMATION_FORMAT = dwarf;
				ENABLE_STRICT_OBJC_MSGSEND = YES;
				ENABLE_TESTABILITY = YES;
				GCC_C_LANGUAGE_STANDARD = gnu11;
				GCC_DYNAMIC_NO_PIC = NO;
				GCC_NO_COMMON_BLOCKS = YES;
				GCC_OPTIMIZATION_LEVEL = 0;
				GCC_PREPROCESSOR_DEFINITIONS = (
					"DEBUG=1",
					"$(inherited)",
				);
				GCC_WARN_64_TO_32_BIT_CONVERSION = YES;
				GCC_WARN_ABOUT_RETURN_TYPE = YES_ERROR;
				GCC_WARN_UNDECLARED_SELECTOR = YES;
				GCC_WARN_UNINITIALIZED_AUTOS = YES_AGGRESSIVE;
				GCC_WARN_UNUSED_FUNCTION = YES;
				GCC_WARN_UNUSED_VARIABLE = YES;
				IPHONEOS_DEPLOYMENT_TARGET = 16.2;
				MTL_ENABLE_DEBUG_INFO = INCLUDE_SOURCE;
				MTL_FAST_MATH = YES;
				ONLY_ACTIVE_ARCH = YES;
				SDKROOT = iphoneos;
				SWIFT_ACTIVE_COMPILATION_CONDITIONS = DEBUG;
				SWIFT_OPTIMIZATION_LEVEL = "-Onone";
			};
			name = Debug;
		};
		0468790B29DF1777003CB807 /* Release */ = {
			isa = XCBuildConfiguration;
			buildSettings = {
				ALWAYS_SEARCH_USER_PATHS = NO;
				CLANG_ANALYZER_NONNULL = YES;
				CLANG_ANALYZER_NUMBER_OBJECT_CONVERSION = YES_AGGRESSIVE;
				CLANG_CXX_LANGUAGE_STANDARD = "gnu++20";
				CLANG_ENABLE_MODULES = YES;
				CLANG_ENABLE_OBJC_ARC = YES;
				CLANG_ENABLE_OBJC_WEAK = YES;
				CLANG_WARN_BLOCK_CAPTURE_AUTORELEASING = YES;
				CLANG_WARN_BOOL_CONVERSION = YES;
				CLANG_WARN_COMMA = YES;
				CLANG_WARN_CONSTANT_CONVERSION = YES;
				CLANG_WARN_DEPRECATED_OBJC_IMPLEMENTATIONS = YES;
				CLANG_WARN_DIRECT_OBJC_ISA_USAGE = YES_ERROR;
				CLANG_WARN_DOCUMENTATION_COMMENTS = YES;
				CLANG_WARN_EMPTY_BODY = YES;
				CLANG_WARN_ENUM_CONVERSION = YES;
				CLANG_WARN_INFINITE_RECURSION = YES;
				CLANG_WARN_INT_CONVERSION = YES;
				CLANG_WARN_NON_LITERAL_NULL_CONVERSION = YES;
				CLANG_WARN_OBJC_IMPLICIT_RETAIN_SELF = YES;
				CLANG_WARN_OBJC_LITERAL_CONVERSION = YES;
				CLANG_WARN_OBJC_ROOT_CLASS = YES_ERROR;
				CLANG_WARN_QUOTED_INCLUDE_IN_FRAMEWORK_HEADER = YES;
				CLANG_WARN_RANGE_LOOP_ANALYSIS = YES;
				CLANG_WARN_STRICT_PROTOTYPES = YES;
				CLANG_WARN_SUSPICIOUS_MOVE = YES;
				CLANG_WARN_UNGUARDED_AVAILABILITY = YES_AGGRESSIVE;
				CLANG_WARN_UNREACHABLE_CODE = YES;
				CLANG_WARN__DUPLICATE_METHOD_MATCH = YES;
				COPY_PHASE_STRIP = NO;
				DEBUG_INFORMATION_FORMAT = "dwarf-with-dsym";
				ENABLE_NS_ASSERTIONS = NO;
				ENABLE_STRICT_OBJC_MSGSEND = YES;
				GCC_C_LANGUAGE_STANDARD = gnu11;
				GCC_NO_COMMON_BLOCKS = YES;
				GCC_WARN_64_TO_32_BIT_CONVERSION = YES;
				GCC_WARN_ABOUT_RETURN_TYPE = YES_ERROR;
				GCC_WARN_UNDECLARED_SELECTOR = YES;
				GCC_WARN_UNINITIALIZED_AUTOS = YES_AGGRESSIVE;
				GCC_WARN_UNUSED_FUNCTION = YES;
				GCC_WARN_UNUSED_VARIABLE = YES;
				IPHONEOS_DEPLOYMENT_TARGET = 16.2;
				MTL_ENABLE_DEBUG_INFO = NO;
				MTL_FAST_MATH = YES;
				SDKROOT = iphoneos;
				SWIFT_COMPILATION_MODE = wholemodule;
				SWIFT_OPTIMIZATION_LEVEL = "-O";
				VALIDATE_PRODUCT = YES;
			};
			name = Release;
		};
		0468790D29DF1777003CB807 /* Debug */ = {
			isa = XCBuildConfiguration;
			buildSettings = {
				ASSETCATALOG_COMPILER_APPICON_NAME = AppIcon;
				ASSETCATALOG_COMPILER_GLOBAL_ACCENT_COLOR_NAME = AccentColor;
				CODE_SIGN_STYLE = Automatic;
				CURRENT_PROJECT_VERSION = 1;
				DEVELOPMENT_TEAM = 3A534NX7E6;
				GENERATE_INFOPLIST_FILE = YES;
				INFOPLIST_FILE = EczaneProjee/Support/Info.plist;
				INFOPLIST_KEY_UIApplicationSupportsIndirectInputEvents = YES;
				INFOPLIST_KEY_UILaunchStoryboardName = LaunchScreen;
				INFOPLIST_KEY_UISupportedInterfaceOrientations_iPad = "UIInterfaceOrientationPortrait UIInterfaceOrientationPortraitUpsideDown UIInterfaceOrientationLandscapeLeft UIInterfaceOrientationLandscapeRight";
				INFOPLIST_KEY_UISupportedInterfaceOrientations_iPhone = "UIInterfaceOrientationPortrait UIInterfaceOrientationLandscapeLeft UIInterfaceOrientationLandscapeRight";
				IPHONEOS_DEPLOYMENT_TARGET = 14.0;
				LD_RUNPATH_SEARCH_PATHS = (
					"$(inherited)",
					"@executable_path/Frameworks",
				);
				MARKETING_VERSION = 1.0.0;
				PRODUCT_BUNDLE_IDENTIFIER = appdevelop.EczaneProjee;
				PRODUCT_NAME = "$(TARGET_NAME)";
				SUPPORTED_PLATFORMS = "iphoneos iphonesimulator";
				SUPPORTS_MACCATALYST = NO;
				SUPPORTS_MAC_DESIGNED_FOR_IPHONE_IPAD = NO;
				SWIFT_EMIT_LOC_STRINGS = YES;
				SWIFT_VERSION = 5.0;
				TARGETED_DEVICE_FAMILY = 1;
			};
			name = Debug;
		};
		0468790E29DF1777003CB807 /* Release */ = {
			isa = XCBuildConfiguration;
			buildSettings = {
				ASSETCATALOG_COMPILER_APPICON_NAME = AppIcon;
				ASSETCATALOG_COMPILER_GLOBAL_ACCENT_COLOR_NAME = AccentColor;
				CODE_SIGN_STYLE = Automatic;
				CURRENT_PROJECT_VERSION = 1;
				DEVELOPMENT_TEAM = 3A534NX7E6;
				GENERATE_INFOPLIST_FILE = YES;
				INFOPLIST_FILE = EczaneProjee/Support/Info.plist;
				INFOPLIST_KEY_UIApplicationSupportsIndirectInputEvents = YES;
				INFOPLIST_KEY_UILaunchStoryboardName = LaunchScreen;
				INFOPLIST_KEY_UISupportedInterfaceOrientations_iPad = "UIInterfaceOrientationPortrait UIInterfaceOrientationPortraitUpsideDown UIInterfaceOrientationLandscapeLeft UIInterfaceOrientationLandscapeRight";
				INFOPLIST_KEY_UISupportedInterfaceOrientations_iPhone = "UIInterfaceOrientationPortrait UIInterfaceOrientationLandscapeLeft UIInterfaceOrientationLandscapeRight";
				IPHONEOS_DEPLOYMENT_TARGET = 14.0;
				LD_RUNPATH_SEARCH_PATHS = (
					"$(inherited)",
					"@executable_path/Frameworks",
				);
				MARKETING_VERSION = 1.0.0;
				PRODUCT_BUNDLE_IDENTIFIER = appdevelop.EczaneProjee;
				PRODUCT_NAME = "$(TARGET_NAME)";
				SUPPORTED_PLATFORMS = "iphoneos iphonesimulator";
				SUPPORTS_MACCATALYST = NO;
				SUPPORTS_MAC_DESIGNED_FOR_IPHONE_IPAD = NO;
				SWIFT_EMIT_LOC_STRINGS = YES;
				SWIFT_VERSION = 5.0;
				TARGETED_DEVICE_FAMILY = 1;
			};
			name = Release;
		};
		0468791029DF1777003CB807 /* Debug */ = {
			isa = XCBuildConfiguration;
			buildSettings = {
				ALWAYS_EMBED_SWIFT_STANDARD_LIBRARIES = YES;
				BUNDLE_LOADER = "$(TEST_HOST)";
				CODE_SIGN_STYLE = Automatic;
				CURRENT_PROJECT_VERSION = 1;
				DEVELOPMENT_TEAM = 3A534NX7E6;
				GENERATE_INFOPLIST_FILE = YES;
				IPHONEOS_DEPLOYMENT_TARGET = 16.2;
				MARKETING_VERSION = 1.0;
				PRODUCT_BUNDLE_IDENTIFIER = appdevelop.EczaneProjeeTests;
				PRODUCT_NAME = "$(TARGET_NAME)";
				SWIFT_EMIT_LOC_STRINGS = NO;
				SWIFT_VERSION = 5.0;
				TARGETED_DEVICE_FAMILY = "1,2";
				TEST_HOST = "$(BUILT_PRODUCTS_DIR)/EczaneProjee.app/$(BUNDLE_EXECUTABLE_FOLDER_PATH)/EczaneProjee";
			};
			name = Debug;
		};
		0468791129DF1777003CB807 /* Release */ = {
			isa = XCBuildConfiguration;
			buildSettings = {
				ALWAYS_EMBED_SWIFT_STANDARD_LIBRARIES = YES;
				BUNDLE_LOADER = "$(TEST_HOST)";
				CODE_SIGN_STYLE = Automatic;
				CURRENT_PROJECT_VERSION = 1;
				DEVELOPMENT_TEAM = 3A534NX7E6;
				GENERATE_INFOPLIST_FILE = YES;
				IPHONEOS_DEPLOYMENT_TARGET = 16.2;
				MARKETING_VERSION = 1.0;
				PRODUCT_BUNDLE_IDENTIFIER = appdevelop.EczaneProjeeTests;
				PRODUCT_NAME = "$(TARGET_NAME)";
				SWIFT_EMIT_LOC_STRINGS = NO;
				SWIFT_VERSION = 5.0;
				TARGETED_DEVICE_FAMILY = "1,2";
				TEST_HOST = "$(BUILT_PRODUCTS_DIR)/EczaneProjee.app/$(BUNDLE_EXECUTABLE_FOLDER_PATH)/EczaneProjee";
			};
			name = Release;
		};
		0468791329DF1777003CB807 /* Debug */ = {
			isa = XCBuildConfiguration;
			buildSettings = {
				ALWAYS_EMBED_SWIFT_STANDARD_LIBRARIES = YES;
				CODE_SIGN_STYLE = Automatic;
				CURRENT_PROJECT_VERSION = 1;
				DEVELOPMENT_TEAM = 3A534NX7E6;
				GENERATE_INFOPLIST_FILE = YES;
				MARKETING_VERSION = 1.0;
				PRODUCT_BUNDLE_IDENTIFIER = appdevelop.EczaneProjeeUITests;
				PRODUCT_NAME = "$(TARGET_NAME)";
				SWIFT_EMIT_LOC_STRINGS = NO;
				SWIFT_VERSION = 5.0;
				TARGETED_DEVICE_FAMILY = "1,2";
				TEST_TARGET_NAME = EczaneProjee;
			};
			name = Debug;
		};
		0468791429DF1777003CB807 /* Release */ = {
			isa = XCBuildConfiguration;
			buildSettings = {
				ALWAYS_EMBED_SWIFT_STANDARD_LIBRARIES = YES;
				CODE_SIGN_STYLE = Automatic;
				CURRENT_PROJECT_VERSION = 1;
				DEVELOPMENT_TEAM = 3A534NX7E6;
				GENERATE_INFOPLIST_FILE = YES;
				MARKETING_VERSION = 1.0;
				PRODUCT_BUNDLE_IDENTIFIER = appdevelop.EczaneProjeeUITests;
				PRODUCT_NAME = "$(TARGET_NAME)";
				SWIFT_EMIT_LOC_STRINGS = NO;
				SWIFT_VERSION = 5.0;
				TARGETED_DEVICE_FAMILY = "1,2";
				TEST_TARGET_NAME = EczaneProjee;
			};
			name = Release;
		};
/* End XCBuildConfiguration section */

/* Begin XCConfigurationList section */
		046878DD29DF1775003CB807 /* Build configuration list for PBXProject "EczaneProjee" */ = {
			isa = XCConfigurationList;
			buildConfigurations = (
				0468790A29DF1777003CB807 /* Debug */,
				0468790B29DF1777003CB807 /* Release */,
			);
			defaultConfigurationIsVisible = 0;
			defaultConfigurationName = Release;
		};
		0468790C29DF1777003CB807 /* Build configuration list for PBXNativeTarget "EczaneProjee" */ = {
			isa = XCConfigurationList;
			buildConfigurations = (
				0468790D29DF1777003CB807 /* Debug */,
				0468790E29DF1777003CB807 /* Release */,
			);
			defaultConfigurationIsVisible = 0;
			defaultConfigurationName = Release;
		};
		0468790F29DF1777003CB807 /* Build configuration list for PBXNativeTarget "EczaneProjeeTests" */ = {
			isa = XCConfigurationList;
			buildConfigurations = (
				0468791029DF1777003CB807 /* Debug */,
				0468791129DF1777003CB807 /* Release */,
			);
			defaultConfigurationIsVisible = 0;
			defaultConfigurationName = Release;
		};
		0468791229DF1777003CB807 /* Build configuration list for PBXNativeTarget "EczaneProjeeUITests" */ = {
			isa = XCConfigurationList;
			buildConfigurations = (
				0468791329DF1777003CB807 /* Debug */,
				0468791429DF1777003CB807 /* Release */,
			);
			defaultConfigurationIsVisible = 0;
			defaultConfigurationName = Release;
		};
/* End XCConfigurationList section */
	};
	rootObject = 046878DA29DF1775003CB807 /* Project object */;
}
